{
  "name": "rapid-downloader",
  "version": "1.1.1",
  "lockfileVersion": 1,
  "requires": true,
  "dependencies": {
    "barely-functional": {
      "version": "2.0.0",
      "resolved": "https://registry.npmjs.org/barely-functional/-/barely-functional-2.0.0.tgz",
      "integrity": "sha1-0AhFsf8H05HsdMmdUpoPLdXV4i8="
    },
    "ramda": {
      "version": "0.25.0",
      "resolved": "https://registry.npmjs.org/ramda/-/ramda-0.25.0.tgz",
      "integrity": "sha512-GXpfrYVPwx3K7RQ6aYT8KPS8XViSXUVJT1ONhoKPE9VAleW42YE+U+8VEyGWt41EnEQW7gwecYJriTI0pKoecQ=="
    }
  }
}
